// !$*UTF8*$!
{
	archiveVersion = 1;
	classes = {
	};
	objectVersion = 52;
	objects = {

/* Begin PBXBuildFile section */
		D1068D4926A31E4B005DB6D7 /* MoleculeListPage+ViewModel.swift in Sources */ = {isa = PBXBuildFile; fileRef = D1068D1026A31E4B005DB6D7 /* MoleculeListPage+ViewModel.swift */; };
		D1068D4A26A31E4B005DB6D7 /* MoleculePage+ViewModel.swift in Sources */ = {isa = PBXBuildFile; fileRef = D1068D1326A31E4B005DB6D7 /* MoleculePage+ViewModel.swift */; };
		D1068D4B26A31E4B005DB6D7 /* Assets.swift in Sources */ = {isa = PBXBuildFile; fileRef = D1068D1526A31E4B005DB6D7 /* Assets.swift */; };
		D1068D4C26A31E4B005DB6D7 /* Collection.swift in Sources */ = {isa = PBXBuildFile; fileRef = D1068D1726A31E4B005DB6D7 /* Collection.swift */; };
		D1068D4D26A31E4B005DB6D7 /* UIImage.swift in Sources */ = {isa = PBXBuildFile; fileRef = D1068D1826A31E4B005DB6D7 /* UIImage.swift */; };
		D1068D4E26A31E4B005DB6D7 /* SCNVector3.swift in Sources */ = {isa = PBXBuildFile; fileRef = D1068D1926A31E4B005DB6D7 /* SCNVector3.swift */; };
		D1068D5026A31E4B005DB6D7 /* OptionalWrap.swift in Sources */ = {isa = PBXBuildFile; fileRef = D1068D1B26A31E4B005DB6D7 /* OptionalWrap.swift */; };
		D1068D5126A31E4B005DB6D7 /* SwiftyProteins.swift in Sources */ = {isa = PBXBuildFile; fileRef = D1068D1D26A31E4B005DB6D7 /* SwiftyProteins.swift */; };
		D1068D5226A31E4B005DB6D7 /* MoleculeService.swift in Sources */ = {isa = PBXBuildFile; fileRef = D1068D2026A31E4B005DB6D7 /* MoleculeService.swift */; };
		D1068D5326A31E4B005DB6D7 /* MoleculeRequest.swift in Sources */ = {isa = PBXBuildFile; fileRef = D1068D2126A31E4B005DB6D7 /* MoleculeRequest.swift */; };
		D1068D5426A31E4B005DB6D7 /* Atom+Kind.swift in Sources */ = {isa = PBXBuildFile; fileRef = D1068D2426A31E4B005DB6D7 /* Atom+Kind.swift */; };
		D1068D5526A31E4B005DB6D7 /* Atom.swift in Sources */ = {isa = PBXBuildFile; fileRef = D1068D2526A31E4B005DB6D7 /* Atom.swift */; };
		D1068D5626A31E4B005DB6D7 /* Bound.swift in Sources */ = {isa = PBXBuildFile; fileRef = D1068D2626A31E4B005DB6D7 /* Bound.swift */; };
		D1068D5726A31E4B005DB6D7 /* Molecule.swift in Sources */ = {isa = PBXBuildFile; fileRef = D1068D2726A31E4B005DB6D7 /* Molecule.swift */; };
		D1068D5826A31E4B005DB6D7 /* LoginService.swift in Sources */ = {isa = PBXBuildFile; fileRef = D1068D2826A31E4B005DB6D7 /* LoginService.swift */; };
		D1068D5926A31E4B005DB6D7 /* ImageCacher.swift in Sources */ = {isa = PBXBuildFile; fileRef = D1068D2926A31E4B005DB6D7 /* ImageCacher.swift */; };
		D1068D5A26A31E4B005DB6D7 /* Assets+MoleculeListPage.swift in Sources */ = {isa = PBXBuildFile; fileRef = D1068D2C26A31E4B005DB6D7 /* Assets+MoleculeListPage.swift */; };
		D1068D5B26A31E4B005DB6D7 /* MoleculeListPage+View.swift in Sources */ = {isa = PBXBuildFile; fileRef = D1068D2D26A31E4B005DB6D7 /* MoleculeListPage+View.swift */; };
		D1068D5C26A31E4B005DB6D7 /* LazyView.swift in Sources */ = {isa = PBXBuildFile; fileRef = D1068D2F26A31E4B005DB6D7 /* LazyView.swift */; };
		D1068D5D26A31E4B005DB6D7 /* Blur.swift in Sources */ = {isa = PBXBuildFile; fileRef = D1068D3026A31E4B005DB6D7 /* Blur.swift */; };
		D1068D5E26A31E4B005DB6D7 /* Assets+LoginPage.swift in Sources */ = {isa = PBXBuildFile; fileRef = D1068D3226A31E4B005DB6D7 /* Assets+LoginPage.swift */; };
		D1068D5F26A31E4B005DB6D7 /* LoginPage.swift in Sources */ = {isa = PBXBuildFile; fileRef = D1068D3326A31E4B005DB6D7 /* LoginPage.swift */; };
		D1068D6026A31E4B005DB6D7 /* MoleculePage+View.swift in Sources */ = {isa = PBXBuildFile; fileRef = D1068D3526A31E4B005DB6D7 /* MoleculePage+View.swift */; };
		D1068D6126A31E4B005DB6D7 /* ImageSharingViewController.swift in Sources */ = {isa = PBXBuildFile; fileRef = D1068D3726A31E4B005DB6D7 /* ImageSharingViewController.swift */; };
		D1068D6226A31E4B005DB6D7 /* Assets+MoleculePage.swift in Sources */ = {isa = PBXBuildFile; fileRef = D1068D3826A31E4B005DB6D7 /* Assets+MoleculePage.swift */; };
		D1068D6326A31E4B005DB6D7 /* SceneView.swift in Sources */ = {isa = PBXBuildFile; fileRef = D1068D3926A31E4B005DB6D7 /* SceneView.swift */; };
		D1068D6426A31E4B005DB6D7 /* MoleculeModel.swift in Sources */ = {isa = PBXBuildFile; fileRef = D1068D3B26A31E4B005DB6D7 /* MoleculeModel.swift */; };
		D1068D6526A31E4B005DB6D7 /* SpaceFillingMoleculeModelGenerator.swift in Sources */ = {isa = PBXBuildFile; fileRef = D1068D3D26A31E4B005DB6D7 /* SpaceFillingMoleculeModelGenerator.swift */; };
		D1068D6626A31E4B005DB6D7 /* MoleculeModelGenerator.swift in Sources */ = {isa = PBXBuildFile; fileRef = D1068D3E26A31E4B005DB6D7 /* MoleculeModelGenerator.swift */; };
		D1068D6726A31E4B005DB6D7 /* BallAndStickMoleculeModelGenerator.swift in Sources */ = {isa = PBXBuildFile; fileRef = D1068D3F26A31E4B005DB6D7 /* BallAndStickMoleculeModelGenerator.swift */; };
		D1068D6826A31E4B005DB6D7 /* MoleculeView.swift in Sources */ = {isa = PBXBuildFile; fileRef = D1068D4026A31E4B005DB6D7 /* MoleculeView.swift */; };
		D1068D6926A31E4B005DB6D7 /* SplashPage.swift in Sources */ = {isa = PBXBuildFile; fileRef = D1068D4226A31E4B005DB6D7 /* SplashPage.swift */; };
		D1068D6A26A31E4B005DB6D7 /* Assets+SplashPage.swift in Sources */ = {isa = PBXBuildFile; fileRef = D1068D4326A31E4B005DB6D7 /* Assets+SplashPage.swift */; };
		D1068D7026A31EFF005DB6D7 /* ligands.txt in Resources */ = {isa = PBXBuildFile; fileRef = D1068D4826A31E4B005DB6D7 /* ligands.txt */; };
		D1068D7126A31EFF005DB6D7 /* Assets.xcassets in Resources */ = {isa = PBXBuildFile; fileRef = D1068D4526A31E4B005DB6D7 /* Assets.xcassets */; };
		D1068D7626A35E8C005DB6D7 /* Wrap.swift in Sources */ = {isa = PBXBuildFile; fileRef = D1068D7526A35E8C005DB6D7 /* Wrap.swift */; };
		D1EBAC88269B3D0B004CB50F /* Alamofire in Frameworks */ = {isa = PBXBuildFile; productRef = D1EBAC87269B3D0B004CB50F /* Alamofire */; };
/* End PBXBuildFile section */

/* Begin PBXFileReference section */
		D1068D1026A31E4B005DB6D7 /* MoleculeListPage+ViewModel.swift */ = {isa = PBXFileReference; fileEncoding = 4; lastKnownFileType = sourcecode.swift; path = "MoleculeListPage+ViewModel.swift"; sourceTree = "<group>"; };
		D1068D1326A31E4B005DB6D7 /* MoleculePage+ViewModel.swift */ = {isa = PBXFileReference; fileEncoding = 4; lastKnownFileType = sourcecode.swift; path = "MoleculePage+ViewModel.swift"; sourceTree = "<group>"; };
		D1068D1526A31E4B005DB6D7 /* Assets.swift */ = {isa = PBXFileReference; fileEncoding = 4; lastKnownFileType = sourcecode.swift; path = Assets.swift; sourceTree = "<group>"; };
		D1068D1726A31E4B005DB6D7 /* Collection.swift */ = {isa = PBXFileReference; fileEncoding = 4; lastKnownFileType = sourcecode.swift; path = Collection.swift; sourceTree = "<group>"; };
		D1068D1826A31E4B005DB6D7 /* UIImage.swift */ = {isa = PBXFileReference; fileEncoding = 4; lastKnownFileType = sourcecode.swift; path = UIImage.swift; sourceTree = "<group>"; };
		D1068D1926A31E4B005DB6D7 /* SCNVector3.swift */ = {isa = PBXFileReference; fileEncoding = 4; lastKnownFileType = sourcecode.swift; path = SCNVector3.swift; sourceTree = "<group>"; };
		D1068D1B26A31E4B005DB6D7 /* OptionalWrap.swift */ = {isa = PBXFileReference; fileEncoding = 4; lastKnownFileType = sourcecode.swift; path = OptionalWrap.swift; sourceTree = "<group>"; };
		D1068D1D26A31E4B005DB6D7 /* SwiftyProteins.swift */ = {isa = PBXFileReference; fileEncoding = 4; lastKnownFileType = sourcecode.swift; path = SwiftyProteins.swift; sourceTree = "<group>"; };
		D1068D2026A31E4B005DB6D7 /* MoleculeService.swift */ = {isa = PBXFileReference; fileEncoding = 4; lastKnownFileType = sourcecode.swift; path = MoleculeService.swift; sourceTree = "<group>"; };
		D1068D2126A31E4B005DB6D7 /* MoleculeRequest.swift */ = {isa = PBXFileReference; fileEncoding = 4; lastKnownFileType = sourcecode.swift; path = MoleculeRequest.swift; sourceTree = "<group>"; };
		D1068D2426A31E4B005DB6D7 /* Atom+Kind.swift */ = {isa = PBXFileReference; fileEncoding = 4; lastKnownFileType = sourcecode.swift; path = "Atom+Kind.swift"; sourceTree = "<group>"; };
		D1068D2526A31E4B005DB6D7 /* Atom.swift */ = {isa = PBXFileReference; fileEncoding = 4; lastKnownFileType = sourcecode.swift; path = Atom.swift; sourceTree = "<group>"; };
		D1068D2626A31E4B005DB6D7 /* Bound.swift */ = {isa = PBXFileReference; fileEncoding = 4; lastKnownFileType = sourcecode.swift; path = Bound.swift; sourceTree = "<group>"; };
		D1068D2726A31E4B005DB6D7 /* Molecule.swift */ = {isa = PBXFileReference; fileEncoding = 4; lastKnownFileType = sourcecode.swift; path = Molecule.swift; sourceTree = "<group>"; };
		D1068D2826A31E4B005DB6D7 /* LoginService.swift */ = {isa = PBXFileReference; fileEncoding = 4; lastKnownFileType = sourcecode.swift; path = LoginService.swift; sourceTree = "<group>"; };
		D1068D2926A31E4B005DB6D7 /* ImageCacher.swift */ = {isa = PBXFileReference; fileEncoding = 4; lastKnownFileType = sourcecode.swift; path = ImageCacher.swift; sourceTree = "<group>"; };
		D1068D2C26A31E4B005DB6D7 /* Assets+MoleculeListPage.swift */ = {isa = PBXFileReference; fileEncoding = 4; lastKnownFileType = sourcecode.swift; path = "Assets+MoleculeListPage.swift"; sourceTree = "<group>"; };
		D1068D2D26A31E4B005DB6D7 /* MoleculeListPage+View.swift */ = {isa = PBXFileReference; fileEncoding = 4; lastKnownFileType = sourcecode.swift; path = "MoleculeListPage+View.swift"; sourceTree = "<group>"; };
		D1068D2F26A31E4B005DB6D7 /* LazyView.swift */ = {isa = PBXFileReference; fileEncoding = 4; lastKnownFileType = sourcecode.swift; path = LazyView.swift; sourceTree = "<group>"; };
		D1068D3026A31E4B005DB6D7 /* Blur.swift */ = {isa = PBXFileReference; fileEncoding = 4; lastKnownFileType = sourcecode.swift; path = Blur.swift; sourceTree = "<group>"; };
		D1068D3226A31E4B005DB6D7 /* Assets+LoginPage.swift */ = {isa = PBXFileReference; fileEncoding = 4; lastKnownFileType = sourcecode.swift; path = "Assets+LoginPage.swift"; sourceTree = "<group>"; };
		D1068D3326A31E4B005DB6D7 /* LoginPage.swift */ = {isa = PBXFileReference; fileEncoding = 4; lastKnownFileType = sourcecode.swift; path = LoginPage.swift; sourceTree = "<group>"; };
		D1068D3526A31E4B005DB6D7 /* MoleculePage+View.swift */ = {isa = PBXFileReference; fileEncoding = 4; lastKnownFileType = sourcecode.swift; path = "MoleculePage+View.swift"; sourceTree = "<group>"; };
		D1068D3726A31E4B005DB6D7 /* ImageSharingViewController.swift */ = {isa = PBXFileReference; fileEncoding = 4; lastKnownFileType = sourcecode.swift; path = ImageSharingViewController.swift; sourceTree = "<group>"; };
		D1068D3826A31E4B005DB6D7 /* Assets+MoleculePage.swift */ = {isa = PBXFileReference; fileEncoding = 4; lastKnownFileType = sourcecode.swift; path = "Assets+MoleculePage.swift"; sourceTree = "<group>"; };
		D1068D3926A31E4B005DB6D7 /* SceneView.swift */ = {isa = PBXFileReference; fileEncoding = 4; lastKnownFileType = sourcecode.swift; path = SceneView.swift; sourceTree = "<group>"; };
		D1068D3B26A31E4B005DB6D7 /* MoleculeModel.swift */ = {isa = PBXFileReference; fileEncoding = 4; lastKnownFileType = sourcecode.swift; path = MoleculeModel.swift; sourceTree = "<group>"; };
		D1068D3D26A31E4B005DB6D7 /* SpaceFillingMoleculeModelGenerator.swift */ = {isa = PBXFileReference; fileEncoding = 4; lastKnownFileType = sourcecode.swift; path = SpaceFillingMoleculeModelGenerator.swift; sourceTree = "<group>"; };
		D1068D3E26A31E4B005DB6D7 /* MoleculeModelGenerator.swift */ = {isa = PBXFileReference; fileEncoding = 4; lastKnownFileType = sourcecode.swift; path = MoleculeModelGenerator.swift; sourceTree = "<group>"; };
		D1068D3F26A31E4B005DB6D7 /* BallAndStickMoleculeModelGenerator.swift */ = {isa = PBXFileReference; fileEncoding = 4; lastKnownFileType = sourcecode.swift; path = BallAndStickMoleculeModelGenerator.swift; sourceTree = "<group>"; };
		D1068D4026A31E4B005DB6D7 /* MoleculeView.swift */ = {isa = PBXFileReference; fileEncoding = 4; lastKnownFileType = sourcecode.swift; path = MoleculeView.swift; sourceTree = "<group>"; };
		D1068D4226A31E4B005DB6D7 /* SplashPage.swift */ = {isa = PBXFileReference; fileEncoding = 4; lastKnownFileType = sourcecode.swift; path = SplashPage.swift; sourceTree = "<group>"; };
		D1068D4326A31E4B005DB6D7 /* Assets+SplashPage.swift */ = {isa = PBXFileReference; fileEncoding = 4; lastKnownFileType = sourcecode.swift; path = "Assets+SplashPage.swift"; sourceTree = "<group>"; };
		D1068D4526A31E4B005DB6D7 /* Assets.xcassets */ = {isa = PBXFileReference; lastKnownFileType = folder.assetcatalog; path = Assets.xcassets; sourceTree = "<group>"; };
		D1068D4726A31E4B005DB6D7 /* Preview Assets.xcassets */ = {isa = PBXFileReference; lastKnownFileType = folder.assetcatalog; path = "Preview Assets.xcassets"; sourceTree = "<group>"; };
		D1068D4826A31E4B005DB6D7 /* ligands.txt */ = {isa = PBXFileReference; fileEncoding = 4; lastKnownFileType = text; path = ligands.txt; sourceTree = "<group>"; };
		D1068D7226A31FB7005DB6D7 /* Info.plist */ = {isa = PBXFileReference; fileEncoding = 4; lastKnownFileType = text.plist.xml; path = Info.plist; sourceTree = "<group>"; };
		D1068D7526A35E8C005DB6D7 /* Wrap.swift */ = {isa = PBXFileReference; lastKnownFileType = sourcecode.swift; path = Wrap.swift; sourceTree = "<group>"; };
		D1554A3E268A629800E2BC04 /* Swifty proteins.app */ = {isa = PBXFileReference; explicitFileType = wrapper.application; includeInIndex = 0; path = "Swifty proteins.app"; sourceTree = BUILT_PRODUCTS_DIR; };
/* End PBXFileReference section */

/* Begin PBXFrameworksBuildPhase section */
		D1554A3B268A629800E2BC04 /* Frameworks */ = {
			isa = PBXFrameworksBuildPhase;
			buildActionMask = 2147483647;
			files = (
				D1EBAC88269B3D0B004CB50F /* Alamofire in Frameworks */,
			);
			runOnlyForDeploymentPostprocessing = 0;
		};
/* End PBXFrameworksBuildPhase section */

/* Begin PBXGroup section */
		D1068D0D26A31E4B005DB6D7 /* Sources */ = {
			isa = PBXGroup;
			children = (
				D1068D1C26A31E4B005DB6D7 /* App */,
				D1068D1E26A31E4B005DB6D7 /* Models */,
				D1068D2A26A31E4B005DB6D7 /* Views */,
				D1068D0E26A31E4B005DB6D7 /* ViewModels */,
				D1068D1426A31E4B005DB6D7 /* Tools */,
			);
			path = Sources;
			sourceTree = "<group>";
		};
		D1068D0E26A31E4B005DB6D7 /* ViewModels */ = {
			isa = PBXGroup;
			children = (
				D1068D0F26A31E4B005DB6D7 /* MoleculeListPage */,
				D1068D1126A31E4B005DB6D7 /* Tools */,
				D1068D1226A31E4B005DB6D7 /* MoleculePage */,
			);
			path = ViewModels;
			sourceTree = "<group>";
		};
		D1068D0F26A31E4B005DB6D7 /* MoleculeListPage */ = {
			isa = PBXGroup;
			children = (
				D1068D1026A31E4B005DB6D7 /* MoleculeListPage+ViewModel.swift */,
			);
			path = MoleculeListPage;
			sourceTree = "<group>";
		};
		D1068D1126A31E4B005DB6D7 /* Tools */ = {
			isa = PBXGroup;
			children = (
			);
			path = Tools;
			sourceTree = "<group>";
		};
		D1068D1226A31E4B005DB6D7 /* MoleculePage */ = {
			isa = PBXGroup;
			children = (
				D1068D1326A31E4B005DB6D7 /* MoleculePage+ViewModel.swift */,
			);
			path = MoleculePage;
			sourceTree = "<group>";
		};
		D1068D1426A31E4B005DB6D7 /* Tools */ = {
			isa = PBXGroup;
			children = (
				D1068D7426A35E83005DB6D7 /* Wrap */,
				D1068D1626A31E4B005DB6D7 /* Extensions */,
				D1068D1526A31E4B005DB6D7 /* Assets.swift */,
			);
			path = Tools;
			sourceTree = "<group>";
		};
		D1068D1626A31E4B005DB6D7 /* Extensions */ = {
			isa = PBXGroup;
			children = (
				D1068D1726A31E4B005DB6D7 /* Collection.swift */,
				D1068D1826A31E4B005DB6D7 /* UIImage.swift */,
				D1068D1926A31E4B005DB6D7 /* SCNVector3.swift */,
			);
			path = Extensions;
			sourceTree = "<group>";
		};
		D1068D1C26A31E4B005DB6D7 /* App */ = {
			isa = PBXGroup;
			children = (
				D1068D1D26A31E4B005DB6D7 /* SwiftyProteins.swift */,
			);
			path = App;
			sourceTree = "<group>";
		};
		D1068D1E26A31E4B005DB6D7 /* Models */ = {
			isa = PBXGroup;
			children = (
				D1068D1F26A31E4B005DB6D7 /* MoleculeService */,
				D1068D2826A31E4B005DB6D7 /* LoginService.swift */,
				D1068D2926A31E4B005DB6D7 /* ImageCacher.swift */,
			);
			path = Models;
			sourceTree = "<group>";
		};
		D1068D1F26A31E4B005DB6D7 /* MoleculeService */ = {
			isa = PBXGroup;
			children = (
				D1068D2026A31E4B005DB6D7 /* MoleculeService.swift */,
				D1068D2126A31E4B005DB6D7 /* MoleculeRequest.swift */,
				D1068D2226A31E4B005DB6D7 /* Molecule */,
			);
			path = MoleculeService;
			sourceTree = "<group>";
		};
		D1068D2226A31E4B005DB6D7 /* Molecule */ = {
			isa = PBXGroup;
			children = (
				D1068D2326A31E4B005DB6D7 /* Atom */,
				D1068D2626A31E4B005DB6D7 /* Bound.swift */,
				D1068D2726A31E4B005DB6D7 /* Molecule.swift */,
			);
			path = Molecule;
			sourceTree = "<group>";
		};
		D1068D2326A31E4B005DB6D7 /* Atom */ = {
			isa = PBXGroup;
			children = (
				D1068D2426A31E4B005DB6D7 /* Atom+Kind.swift */,
				D1068D2526A31E4B005DB6D7 /* Atom.swift */,
			);
			path = Atom;
			sourceTree = "<group>";
		};
		D1068D2A26A31E4B005DB6D7 /* Views */ = {
			isa = PBXGroup;
			children = (
				D1068D4126A31E4B005DB6D7 /* SplashPage */,
				D1068D3126A31E4B005DB6D7 /* LoginPage */,
				D1068D2B26A31E4B005DB6D7 /* MoleculeListPage */,
				D1068D3426A31E4B005DB6D7 /* MoleculePage */,
				D1068D2E26A31E4B005DB6D7 /* Tools */,
			);
			path = Views;
			sourceTree = "<group>";
		};
		D1068D2B26A31E4B005DB6D7 /* MoleculeListPage */ = {
			isa = PBXGroup;
			children = (
				D1068D2C26A31E4B005DB6D7 /* Assets+MoleculeListPage.swift */,
				D1068D2D26A31E4B005DB6D7 /* MoleculeListPage+View.swift */,
			);
			path = MoleculeListPage;
			sourceTree = "<group>";
		};
		D1068D2E26A31E4B005DB6D7 /* Tools */ = {
			isa = PBXGroup;
			children = (
				D1068D2F26A31E4B005DB6D7 /* LazyView.swift */,
				D1068D3026A31E4B005DB6D7 /* Blur.swift */,
			);
			path = Tools;
			sourceTree = "<group>";
		};
		D1068D3126A31E4B005DB6D7 /* LoginPage */ = {
			isa = PBXGroup;
			children = (
				D1068D3226A31E4B005DB6D7 /* Assets+LoginPage.swift */,
				D1068D3326A31E4B005DB6D7 /* LoginPage.swift */,
			);
			path = LoginPage;
			sourceTree = "<group>";
		};
		D1068D3426A31E4B005DB6D7 /* MoleculePage */ = {
			isa = PBXGroup;
			children = (
				D1068D3526A31E4B005DB6D7 /* MoleculePage+View.swift */,
				D1068D4026A31E4B005DB6D7 /* MoleculeView.swift */,
				D1068D3A26A31E4B005DB6D7 /* MoleculeModel */,
				D1068D3626A31E4B005DB6D7 /* Tools */,
			);
			path = MoleculePage;
			sourceTree = "<group>";
		};
		D1068D3626A31E4B005DB6D7 /* Tools */ = {
			isa = PBXGroup;
			children = (
				D1068D3726A31E4B005DB6D7 /* ImageSharingViewController.swift */,
				D1068D3826A31E4B005DB6D7 /* Assets+MoleculePage.swift */,
				D1068D3926A31E4B005DB6D7 /* SceneView.swift */,
			);
			path = Tools;
			sourceTree = "<group>";
		};
		D1068D3A26A31E4B005DB6D7 /* MoleculeModel */ = {
			isa = PBXGroup;
			children = (
				D1068D3B26A31E4B005DB6D7 /* MoleculeModel.swift */,
				D1068D3C26A31E4B005DB6D7 /* MoleculeModelGenerator */,
			);
			path = MoleculeModel;
			sourceTree = "<group>";
		};
		D1068D3C26A31E4B005DB6D7 /* MoleculeModelGenerator */ = {
			isa = PBXGroup;
			children = (
				D1068D3D26A31E4B005DB6D7 /* SpaceFillingMoleculeModelGenerator.swift */,
				D1068D3E26A31E4B005DB6D7 /* MoleculeModelGenerator.swift */,
				D1068D3F26A31E4B005DB6D7 /* BallAndStickMoleculeModelGenerator.swift */,
			);
			path = MoleculeModelGenerator;
			sourceTree = "<group>";
		};
		D1068D4126A31E4B005DB6D7 /* SplashPage */ = {
			isa = PBXGroup;
			children = (
				D1068D4226A31E4B005DB6D7 /* SplashPage.swift */,
				D1068D4326A31E4B005DB6D7 /* Assets+SplashPage.swift */,
			);
			path = SplashPage;
			sourceTree = "<group>";
		};
		D1068D4426A31E4B005DB6D7 /* Resources */ = {
			isa = PBXGroup;
			children = (
				D1068D7226A31FB7005DB6D7 /* Info.plist */,
				D1068D4826A31E4B005DB6D7 /* ligands.txt */,
				D1068D4526A31E4B005DB6D7 /* Assets.xcassets */,
				D1068D4626A31E4B005DB6D7 /* Preview Content */,
			);
			path = Resources;
			sourceTree = "<group>";
		};
		D1068D4626A31E4B005DB6D7 /* Preview Content */ = {
			isa = PBXGroup;
			children = (
				D1068D4726A31E4B005DB6D7 /* Preview Assets.xcassets */,
			);
			path = "Preview Content";
			sourceTree = "<group>";
		};
		D1068D7426A35E83005DB6D7 /* Wrap */ = {
			isa = PBXGroup;
			children = (
				D1068D7526A35E8C005DB6D7 /* Wrap.swift */,
				D1068D1B26A31E4B005DB6D7 /* OptionalWrap.swift */,
			);
			path = Wrap;
			sourceTree = "<group>";
		};
		D1554A35268A629800E2BC04 = {
			isa = PBXGroup;
			children = (
				D1554A40268A629800E2BC04 /* Swifty proteins */,
				D1554A3F268A629800E2BC04 /* Products */,
			);
			sourceTree = "<group>";
		};
		D1554A3F268A629800E2BC04 /* Products */ = {
			isa = PBXGroup;
			children = (
				D1554A3E268A629800E2BC04 /* Swifty proteins.app */,
			);
			name = Products;
			sourceTree = "<group>";
		};
		D1554A40268A629800E2BC04 /* Swifty proteins */ = {
			isa = PBXGroup;
			children = (
				D1068D0D26A31E4B005DB6D7 /* Sources */,
				D1068D4426A31E4B005DB6D7 /* Resources */,
			);
			path = "Swifty proteins";
			sourceTree = "<group>";
		};
/* End PBXGroup section */

/* Begin PBXNativeTarget section */
		D1554A3D268A629800E2BC04 /* Swifty proteins */ = {
			isa = PBXNativeTarget;
			buildConfigurationList = D1554A4D268A629900E2BC04 /* Build configuration list for PBXNativeTarget "Swifty proteins" */;
			buildPhases = (
				D1554A3A268A629800E2BC04 /* Sources */,
				D1554A3B268A629800E2BC04 /* Frameworks */,
				D1554A3C268A629800E2BC04 /* Resources */,
			);
			buildRules = (
			);
			dependencies = (
			);
			name = "Swifty proteins";
			packageProductDependencies = (
				D1EBAC87269B3D0B004CB50F /* Alamofire */,
			);
			productName = "Swifty proteins";
			productReference = D1554A3E268A629800E2BC04 /* Swifty proteins.app */;
			productType = "com.apple.product-type.application";
		};
/* End PBXNativeTarget section */

/* Begin PBXProject section */
		D1554A36268A629800E2BC04 /* Project object */ = {
			isa = PBXProject;
			attributes = {
				LastSwiftUpdateCheck = 1250;
				LastUpgradeCheck = 1250;
				TargetAttributes = {
					D1554A3D268A629800E2BC04 = {
						CreatedOnToolsVersion = 12.5.1;
					};
				};
			};
			buildConfigurationList = D1554A39268A629800E2BC04 /* Build configuration list for PBXProject "Swifty proteins" */;
			compatibilityVersion = "Xcode 9.3";
			developmentRegion = en;
			hasScannedForEncodings = 0;
			knownRegions = (
				en,
				Base,
			);
			mainGroup = D1554A35268A629800E2BC04;
			packageReferences = (
				D1EBAC86269B3D0B004CB50F /* XCRemoteSwiftPackageReference "Alamofire" */,
			);
			productRefGroup = D1554A3F268A629800E2BC04 /* Products */;
			projectDirPath = "";
			projectRoot = "";
			targets = (
				D1554A3D268A629800E2BC04 /* Swifty proteins */,
			);
		};
/* End PBXProject section */

/* Begin PBXResourcesBuildPhase section */
		D1554A3C268A629800E2BC04 /* Resources */ = {
			isa = PBXResourcesBuildPhase;
			buildActionMask = 2147483647;
			files = (
				D1068D7026A31EFF005DB6D7 /* ligands.txt in Resources */,
				D1068D7126A31EFF005DB6D7 /* Assets.xcassets in Resources */,
			);
			runOnlyForDeploymentPostprocessing = 0;
		};
/* End PBXResourcesBuildPhase section */

/* Begin PBXSourcesBuildPhase section */
		D1554A3A268A629800E2BC04 /* Sources */ = {
			isa = PBXSourcesBuildPhase;
			buildActionMask = 2147483647;
			files = (
				D1068D4926A31E4B005DB6D7 /* MoleculeListPage+ViewModel.swift in Sources */,
				D1068D6426A31E4B005DB6D7 /* MoleculeModel.swift in Sources */,
				D1068D5926A31E4B005DB6D7 /* ImageCacher.swift in Sources */,
				D1068D4D26A31E4B005DB6D7 /* UIImage.swift in Sources */,
				D1068D6026A31E4B005DB6D7 /* MoleculePage+View.swift in Sources */,
				D1068D5126A31E4B005DB6D7 /* SwiftyProteins.swift in Sources */,
				D1068D4A26A31E4B005DB6D7 /* MoleculePage+ViewModel.swift in Sources */,
				D1068D5526A31E4B005DB6D7 /* Atom.swift in Sources */,
				D1068D4B26A31E4B005DB6D7 /* Assets.swift in Sources */,
				D1068D5626A31E4B005DB6D7 /* Bound.swift in Sources */,
				D1068D5C26A31E4B005DB6D7 /* LazyView.swift in Sources */,
				D1068D5826A31E4B005DB6D7 /* LoginService.swift in Sources */,
				D1068D6A26A31E4B005DB6D7 /* Assets+SplashPage.swift in Sources */,
				D1068D5726A31E4B005DB6D7 /* Molecule.swift in Sources */,
				D1068D5E26A31E4B005DB6D7 /* Assets+LoginPage.swift in Sources */,
				D1068D6726A31E4B005DB6D7 /* BallAndStickMoleculeModelGenerator.swift in Sources */,
				D1068D6626A31E4B005DB6D7 /* MoleculeModelGenerator.swift in Sources */,
				D1068D4C26A31E4B005DB6D7 /* Collection.swift in Sources */,
				D1068D5B26A31E4B005DB6D7 /* MoleculeListPage+View.swift in Sources */,
				D1068D6926A31E4B005DB6D7 /* SplashPage.swift in Sources */,
				D1068D5F26A31E4B005DB6D7 /* LoginPage.swift in Sources */,
				D1068D4E26A31E4B005DB6D7 /* SCNVector3.swift in Sources */,
				D1068D5426A31E4B005DB6D7 /* Atom+Kind.swift in Sources */,
				D1068D6526A31E4B005DB6D7 /* SpaceFillingMoleculeModelGenerator.swift in Sources */,
				D1068D5326A31E4B005DB6D7 /* MoleculeRequest.swift in Sources */,
				D1068D5026A31E4B005DB6D7 /* OptionalWrap.swift in Sources */,
				D1068D5D26A31E4B005DB6D7 /* Blur.swift in Sources */,
				D1068D6126A31E4B005DB6D7 /* ImageSharingViewController.swift in Sources */,
				D1068D6326A31E4B005DB6D7 /* SceneView.swift in Sources */,
				D1068D5226A31E4B005DB6D7 /* MoleculeService.swift in Sources */,
				D1068D5A26A31E4B005DB6D7 /* Assets+MoleculeListPage.swift in Sources */,
				D1068D6826A31E4B005DB6D7 /* MoleculeView.swift in Sources */,
				D1068D6226A31E4B005DB6D7 /* Assets+MoleculePage.swift in Sources */,
				D1068D7626A35E8C005DB6D7 /* Wrap.swift in Sources */,
			);
			runOnlyForDeploymentPostprocessing = 0;
		};
/* End PBXSourcesBuildPhase section */

/* Begin XCBuildConfiguration section */
		D1554A4B268A629900E2BC04 /* Debug */ = {
			isa = XCBuildConfiguration;
			buildSettings = {
				ALWAYS_SEARCH_USER_PATHS = NO;
				CLANG_ANALYZER_NONNULL = YES;
				CLANG_ANALYZER_NUMBER_OBJECT_CONVERSION = YES_AGGRESSIVE;
				CLANG_CXX_LANGUAGE_STANDARD = "gnu++14";
				CLANG_CXX_LIBRARY = "libc++";
				CLANG_ENABLE_MODULES = YES;
				CLANG_ENABLE_OBJC_ARC = YES;
				CLANG_ENABLE_OBJC_WEAK = YES;
				CLANG_WARN_BLOCK_CAPTURE_AUTORELEASING = YES;
				CLANG_WARN_BOOL_CONVERSION = YES;
				CLANG_WARN_COMMA = YES;
				CLANG_WARN_CONSTANT_CONVERSION = YES;
				CLANG_WARN_DEPRECATED_OBJC_IMPLEMENTATIONS = YES;
				CLANG_WARN_DIRECT_OBJC_ISA_USAGE = YES_ERROR;
				CLANG_WARN_DOCUMENTATION_COMMENTS = YES;
				CLANG_WARN_EMPTY_BODY = YES;
				CLANG_WARN_ENUM_CONVERSION = YES;
				CLANG_WARN_INFINITE_RECURSION = YES;
				CLANG_WARN_INT_CONVERSION = YES;
				CLANG_WARN_NON_LITERAL_NULL_CONVERSION = YES;
				CLANG_WARN_OBJC_IMPLICIT_RETAIN_SELF = YES;
				CLANG_WARN_OBJC_LITERAL_CONVERSION = YES;
				CLANG_WARN_OBJC_ROOT_CLASS = YES_ERROR;
				CLANG_WARN_QUOTED_INCLUDE_IN_FRAMEWORK_HEADER = YES;
				CLANG_WARN_RANGE_LOOP_ANALYSIS = YES;
				CLANG_WARN_STRICT_PROTOTYPES = YES;
				CLANG_WARN_SUSPICIOUS_MOVE = YES;
				CLANG_WARN_UNGUARDED_AVAILABILITY = YES_AGGRESSIVE;
				CLANG_WARN_UNREACHABLE_CODE = YES;
				CLANG_WARN__DUPLICATE_METHOD_MATCH = YES;
				COPY_PHASE_STRIP = NO;
				DEBUG_INFORMATION_FORMAT = dwarf;
				ENABLE_STRICT_OBJC_MSGSEND = YES;
				ENABLE_TESTABILITY = YES;
				GCC_C_LANGUAGE_STANDARD = gnu11;
				GCC_DYNAMIC_NO_PIC = NO;
				GCC_NO_COMMON_BLOCKS = YES;
				GCC_OPTIMIZATION_LEVEL = 0;
				GCC_PREPROCESSOR_DEFINITIONS = (
					"DEBUG=1",
					"$(inherited)",
				);
				GCC_WARN_64_TO_32_BIT_CONVERSION = YES;
				GCC_WARN_ABOUT_RETURN_TYPE = YES_ERROR;
				GCC_WARN_UNDECLARED_SELECTOR = YES;
				GCC_WARN_UNINITIALIZED_AUTOS = YES_AGGRESSIVE;
				GCC_WARN_UNUSED_FUNCTION = YES;
				GCC_WARN_UNUSED_VARIABLE = YES;
				IPHONEOS_DEPLOYMENT_TARGET = 14.5;
				MTL_ENABLE_DEBUG_INFO = INCLUDE_SOURCE;
				MTL_FAST_MATH = YES;
				ONLY_ACTIVE_ARCH = YES;
				SDKROOT = iphoneos;
				SWIFT_ACTIVE_COMPILATION_CONDITIONS = DEBUG;
				SWIFT_OPTIMIZATION_LEVEL = "-Onone";
			};
			name = Debug;
		};
		D1554A4C268A629900E2BC04 /* Release */ = {
			isa = XCBuildConfiguration;
			buildSettings = {
				ALWAYS_SEARCH_USER_PATHS = NO;
				CLANG_ANALYZER_NONNULL = YES;
				CLANG_ANALYZER_NUMBER_OBJECT_CONVERSION = YES_AGGRESSIVE;
				CLANG_CXX_LANGUAGE_STANDARD = "gnu++14";
				CLANG_CXX_LIBRARY = "libc++";
				CLANG_ENABLE_MODULES = YES;
				CLANG_ENABLE_OBJC_ARC = YES;
				CLANG_ENABLE_OBJC_WEAK = YES;
				CLANG_WARN_BLOCK_CAPTURE_AUTORELEASING = YES;
				CLANG_WARN_BOOL_CONVERSION = YES;
				CLANG_WARN_COMMA = YES;
				CLANG_WARN_CONSTANT_CONVERSION = YES;
				CLANG_WARN_DEPRECATED_OBJC_IMPLEMENTATIONS = YES;
				CLANG_WARN_DIRECT_OBJC_ISA_USAGE = YES_ERROR;
				CLANG_WARN_DOCUMENTATION_COMMENTS = YES;
				CLANG_WARN_EMPTY_BODY = YES;
				CLANG_WARN_ENUM_CONVERSION = YES;
				CLANG_WARN_INFINITE_RECURSION = YES;
				CLANG_WARN_INT_CONVERSION = YES;
				CLANG_WARN_NON_LITERAL_NULL_CONVERSION = YES;
				CLANG_WARN_OBJC_IMPLICIT_RETAIN_SELF = YES;
				CLANG_WARN_OBJC_LITERAL_CONVERSION = YES;
				CLANG_WARN_OBJC_ROOT_CLASS = YES_ERROR;
				CLANG_WARN_QUOTED_INCLUDE_IN_FRAMEWORK_HEADER = YES;
				CLANG_WARN_RANGE_LOOP_ANALYSIS = YES;
				CLANG_WARN_STRICT_PROTOTYPES = YES;
				CLANG_WARN_SUSPICIOUS_MOVE = YES;
				CLANG_WARN_UNGUARDED_AVAILABILITY = YES_AGGRESSIVE;
				CLANG_WARN_UNREACHABLE_CODE = YES;
				CLANG_WARN__DUPLICATE_METHOD_MATCH = YES;
				COPY_PHASE_STRIP = NO;
				DEBUG_INFORMATION_FORMAT = "dwarf-with-dsym";
				ENABLE_NS_ASSERTIONS = NO;
				ENABLE_STRICT_OBJC_MSGSEND = YES;
				GCC_C_LANGUAGE_STANDARD = gnu11;
				GCC_NO_COMMON_BLOCKS = YES;
				GCC_WARN_64_TO_32_BIT_CONVERSION = YES;
				GCC_WARN_ABOUT_RETURN_TYPE = YES_ERROR;
				GCC_WARN_UNDECLARED_SELECTOR = YES;
				GCC_WARN_UNINITIALIZED_AUTOS = YES_AGGRESSIVE;
				GCC_WARN_UNUSED_FUNCTION = YES;
				GCC_WARN_UNUSED_VARIABLE = YES;
				IPHONEOS_DEPLOYMENT_TARGET = 14.5;
				MTL_ENABLE_DEBUG_INFO = NO;
				MTL_FAST_MATH = YES;
				SDKROOT = iphoneos;
				SWIFT_COMPILATION_MODE = wholemodule;
				SWIFT_OPTIMIZATION_LEVEL = "-O";
				VALIDATE_PRODUCT = YES;
			};
			name = Release;
		};
		D1554A4E268A629900E2BC04 /* Debug */ = {
			isa = XCBuildConfiguration;
			buildSettings = {
				ASSETCATALOG_COMPILER_APPICON_NAME = AppIcon;
				ASSETCATALOG_COMPILER_GLOBAL_ACCENT_COLOR_NAME = "Global:AccentColor";
				CODE_SIGN_IDENTITY = "Apple Development";
				CODE_SIGN_STYLE = Automatic;
				DEVELOPMENT_ASSET_PATHS = "\"Swifty proteins/Resources/Preview Content\"";
				DEVELOPMENT_TEAM = NF7LW7M6W8;
				ENABLE_PREVIEWS = YES;
				INFOPLIST_FILE = "Swifty proteins/Resources/Info.plist";
				IPHONEOS_DEPLOYMENT_TARGET = 14.0;
				LD_RUNPATH_SEARCH_PATHS = (
					"$(inherited)",
					"@executable_path/Frameworks",
				);
				PRODUCT_BUNDLE_IDENTIFIER = vbelchenko.SwiftyProteins;
				PRODUCT_NAME = "$(TARGET_NAME)";
				PROVISIONING_PROFILE_SPECIFIER = "";
				SWIFT_VERSION = 5.0;
				TARGETED_DEVICE_FAMILY = "1,2";
			};
			name = Debug;
		};
		D1554A4F268A629900E2BC04 /* Release */ = {
			isa = XCBuildConfiguration;
			buildSettings = {
				ASSETCATALOG_COMPILER_APPICON_NAME = AppIcon;
				ASSETCATALOG_COMPILER_GLOBAL_ACCENT_COLOR_NAME = "Global:AccentColor";
				CODE_SIGN_IDENTITY = "Apple Development";
				CODE_SIGN_STYLE = Automatic;
				DEVELOPMENT_ASSET_PATHS = "\"Swifty proteins/Resources/Preview Content\"";
				DEVELOPMENT_TEAM = NF7LW7M6W8;
				ENABLE_PREVIEWS = YES;
				INFOPLIST_FILE = "Swifty proteins/Resources/Info.plist";
				IPHONEOS_DEPLOYMENT_TARGET = 14.0;
				LD_RUNPATH_SEARCH_PATHS = (
					"$(inherited)",
					"@executable_path/Frameworks",
				);
				PRODUCT_BUNDLE_IDENTIFIER = vbelchenko.SwiftyProteins;
				PRODUCT_NAME = "$(TARGET_NAME)";
				PROVISIONING_PROFILE_SPECIFIER = "";
				SWIFT_VERSION = 5.0;
				TARGETED_DEVICE_FAMILY = "1,2";
			};
			name = Release;
		};
/* End XCBuildConfiguration section */

/* Begin XCConfigurationList section */
		D1554A39268A629800E2BC04 /* Build configuration list for PBXProject "Swifty proteins" */ = {
			isa = XCConfigurationList;
			buildConfigurations = (
				D1554A4B268A629900E2BC04 /* Debug */,
				D1554A4C268A629900E2BC04 /* Release */,
			);
			defaultConfigurationIsVisible = 0;
			defaultConfigurationName = Release;
		};
		D1554A4D268A629900E2BC04 /* Build configuration list for PBXNativeTarget "Swifty proteins" */ = {
			isa = XCConfigurationList;
			buildConfigurations = (
				D1554A4E268A629900E2BC04 /* Debug */,
				D1554A4F268A629900E2BC04 /* Release */,
			);
			defaultConfigurationIsVisible = 0;
			defaultConfigurationName = Release;
		};
/* End XCConfigurationList section */

/* Begin XCRemoteSwiftPackageReference section */
		D1EBAC86269B3D0B004CB50F /* XCRemoteSwiftPackageReference "Alamofire" */ = {
			isa = XCRemoteSwiftPackageReference;
			repositoryURL = "https://github.com/manishraval27/Alamofire.git";
			requirement = {
				branch = master;
				kind = branch;
			};
		};
/* End XCRemoteSwiftPackageReference section */

/* Begin XCSwiftPackageProductDependency section */
		D1EBAC87269B3D0B004CB50F /* Alamofire */ = {
			isa = XCSwiftPackageProductDependency;
			package = D1EBAC86269B3D0B004CB50F /* XCRemoteSwiftPackageReference "Alamofire" */;
			productName = Alamofire;
		};
/* End XCSwiftPackageProductDependency section */
	};
	rootObject = D1554A36268A629800E2BC04 /* Project object */;
}
